{
  "nodes": {
    "flake-utils": {
      "locked": {
        "lastModified": 1659877975,
        "narHash": "sha256-zllb8aq3YO3h8B/U0/J1WBgAL8EX5yWf5pMj3G0NAmc=",
        "owner": "numtide",
        "repo": "flake-utils",
        "rev": "c0e246b9b83f637f4681389ecabcb2681b4f3af0",
        "type": "github"
      },
      "original": {
        "owner": "numtide",
        "repo": "flake-utils",
        "type": "github"
      }
    },
    "nixpkgs": {
      "locked": {
        "lastModified": 1661336769,
        "narHash": "sha256-5Sf9tMd1Jdm+lTBGspbQ4kEoYCDKpUhEVAZHRcm6mGU=",
        "owner": "NixOS",
        "repo": "nixpkgs",
        "rev": "03428dbaaa23d6bf458770907b0927b377c873a8",
        "type": "github"
      },
      "original": {
        "owner": "NixOS",
        "ref": "nixpkgs-unstable",
        "repo": "nixpkgs",
        "type": "github"
      }
    },
    "npmlock2nix": {
      "flake": false,
      "locked": {
        "lastModified": 1654775747,
        "narHash": "sha256-9pXHDpIjmsK5390wmpGHu9aA4QOPpegPBvThHeBlef4=",
        "owner": "nix-community",
        "repo": "npmlock2nix",
        "rev": "5c4f247688fc91d665df65f71c81e0726621aaa8",
        "type": "github"
      },
      "original": {
        "owner": "nix-community",
        "repo": "npmlock2nix",
        "type": "github"
      }
    },
    "root": {
      "inputs": {
        "flake-utils": "flake-utils",
        "nixpkgs": "nixpkgs",
        "npmlock2nix": "npmlock2nix"
      }
    }
  },
  "root": "root",
  "version": 7
}
